
Microsoft Visual Studio Solution File, Format Version 12.00
# Visual Studio Version 17
VisualStudioVersion = 17.1.32421.90
MinimumVisualStudioVersion = 10.0.40219.1
Project("{2150E333-8FDC-42A3-9474-1A3956D46DE8}") = "Solution Items", "Solution Items", "{CB7F3941-299E-437E-9841-21EC4F7CD2F8}"
	ProjectSection(SolutionItems) = preProject
		README.md = README.md
	EndProjectSection
EndProject
Project("{9A19103F-16F7-4668-BE54-9A1E7A4F7556}") = "CursoProgressao.WebClient", "CursoProgressao.WebClient\CursoProgressao.WebClient.csproj", "{9B63C935-0695-41C8-9A57-B3258D54C6E9}"
EndProject
Project("{9A19103F-16F7-4668-BE54-9A1E7A4F7556}") = "CursoProgressao.Server", "CursoProgressao.Server\CursoProgressao.Server.csproj", "{977D4A40-9010-4E1B-B48F-CEBFFC313DBA}"
EndProject
Project("{9A19103F-16F7-4668-BE54-9A1E7A4F7556}") = "CursoProgressao.Shared", "CursoProgressao.Shared\CursoProgressao.Shared.csproj", "{D5A674CA-389C-4DD7-A051-03394AFE8997}"
EndProject
Project("{9A19103F-16F7-4668-BE54-9A1E7A4F7556}") = "CursoProgressao.Server.Test", "CursoProgressao.Server.Test\CursoProgressao.Server.Test.csproj", "{BE3AE28C-9AFB-492E-8275-F128734C9806}"
EndProject
Project("{FAE04EC0-301F-11D3-BF4B-00C04F79EFBC}") = "CursoProgressao.Shared.Test", "CursoProgressao.Shared.Test\CursoProgressao.Shared.Test.csproj", "{34408171-E5E2-4D1E-9154-626A945F027F}"
EndProject
Global
	GlobalSection(SolutionConfigurationPlatforms) = preSolution
		Debug|Any CPU = Debug|Any CPU
		Release|Any CPU = Release|Any CPU
	EndGlobalSection
	GlobalSection(ProjectConfigurationPlatforms) = postSolution
		{9B63C935-0695-41C8-9A57-B3258D54C6E9}.Debug|Any CPU.ActiveCfg = Debug|Any CPU
		{9B63C935-0695-41C8-9A57-B3258D54C6E9}.Debug|Any CPU.Build.0 = Debug|Any CPU
		{9B63C935-0695-41C8-9A57-B3258D54C6E9}.Release|Any CPU.ActiveCfg = Release|Any CPU
		{9B63C935-0695-41C8-9A57-B3258D54C6E9}.Release|Any CPU.Build.0 = Release|Any CPU
		{977D4A40-9010-4E1B-B48F-CEBFFC313DBA}.Debug|Any CPU.ActiveCfg = Debug|Any CPU
		{977D4A40-9010-4E1B-B48F-CEBFFC313DBA}.Debug|Any CPU.Build.0 = Debug|Any CPU
		{977D4A40-9010-4E1B-B48F-CEBFFC313DBA}.Release|Any CPU.ActiveCfg = Release|Any CPU
		{977D4A40-9010-4E1B-B48F-CEBFFC313DBA}.Release|Any CPU.Build.0 = Release|Any CPU
		{D5A674CA-389C-4DD7-A051-03394AFE8997}.Debug|Any CPU.ActiveCfg = Debug|Any CPU
		{D5A674CA-389C-4DD7-A051-03394AFE8997}.Debug|Any CPU.Build.0 = Debug|Any CPU
		{D5A674CA-389C-4DD7-A051-03394AFE8997}.Release|Any CPU.ActiveCfg = Release|Any CPU
		{D5A674CA-389C-4DD7-A051-03394AFE8997}.Release|Any CPU.Build.0 = Release|Any CPU
		{BE3AE28C-9AFB-492E-8275-F128734C9806}.Debug|Any CPU.ActiveCfg = Debug|Any CPU
		{BE3AE28C-9AFB-492E-8275-F128734C9806}.Debug|Any CPU.Build.0 = Debug|Any CPU
		{BE3AE28C-9AFB-492E-8275-F128734C9806}.Release|Any CPU.ActiveCfg = Release|Any CPU
		{BE3AE28C-9AFB-492E-8275-F128734C9806}.Release|Any CPU.Build.0 = Release|Any CPU
		{34408171-E5E2-4D1E-9154-626A945F027F}.Debug|Any CPU.ActiveCfg = Debug|Any CPU
		{34408171-E5E2-4D1E-9154-626A945F027F}.Debug|Any CPU.Build.0 = Debug|Any CPU
		{34408171-E5E2-4D1E-9154-626A945F027F}.Release|Any CPU.ActiveCfg = Release|Any CPU
		{34408171-E5E2-4D1E-9154-626A945F027F}.Release|Any CPU.Build.0 = Release|Any CPU
	EndGlobalSection
	GlobalSection(SolutionProperties) = preSolution
		HideSolutionNode = FALSE
	EndGlobalSection
	GlobalSection(ExtensibilityGlobals) = postSolution
		SolutionGuid = {FD384790-DC69-410B-9A32-456CAB7E1B1F}
	EndGlobalSection
EndGlobal
